
Microsoft Visual Studio Solution File, Format Version 12.00
# Visual Studio 15
VisualStudioVersion = 15.0.26430.4
MinimumVisualStudioVersion = 10.0.40219.1
Project("{FAE04EC0-301F-11D3-BF4B-00C04F79EFBC}") = "TheBank2", "TheBank2.csproj", "{F6B1F3FF-4974-4208-AE88-34823095B468}"
EndProject
Project("{FAE04EC0-301F-11D3-BF4B-00C04F79EFBC}") = "TheBank2.Tests", "..\TheBank2.Tests\TheBank2.Tests.csproj", "{F5D78533-D5AB-4872-B5A9-C171F49FF424}"
EndProject
Global
	GlobalSection(SolutionConfigurationPlatforms) = preSolution
		Debug|Any CPU = Debug|Any CPU
		Release|Any CPU = Release|Any CPU
	EndGlobalSection
	GlobalSection(ProjectConfigurationPlatforms) = postSolution
		{F6B1F3FF-4974-4208-AE88-34823095B468}.Debug|Any CPU.ActiveCfg = Debug|Any CPU
		{F6B1F3FF-4974-4208-AE88-34823095B468}.Debug|Any CPU.Build.0 = Debug|Any CPU
		{F6B1F3FF-4974-4208-AE88-34823095B468}.Release|Any CPU.ActiveCfg = Release|Any CPU
		{F6B1F3FF-4974-4208-AE88-34823095B468}.Release|Any CPU.Build.0 = Release|Any CPU
		{F5D78533-D5AB-4872-B5A9-C171F49FF424}.Debug|Any CPU.ActiveCfg = Debug|Any CPU
		{F5D78533-D5AB-4872-B5A9-C171F49FF424}.Debug|Any CPU.Build.0 = Debug|Any CPU
		{F5D78533-D5AB-4872-B5A9-C171F49FF424}.Release|Any CPU.ActiveCfg = Release|Any CPU
		{F5D78533-D5AB-4872-B5A9-C171F49FF424}.Release|Any CPU.Build.0 = Release|Any CPU
	EndGlobalSection
	GlobalSection(SolutionProperties) = preSolution
		HideSolutionNode = FALSE
	EndGlobalSection
EndGlobal
